// !$*UTF8*$!
{
	archiveVersion = 1;
	classes = {
	};
	objectVersion = 56;
	objects = {

/* Begin PBXBuildFile section */
		D12D4FCA2B752B8C00300D59 /* DateFormatterManager.swift in Sources */ = {isa = PBXBuildFile; fileRef = D12D4FC92B752B8C00300D59 /* DateFormatterManager.swift */; };
		D12D4FCE2B7539B300300D59 /* ReminderCell.swift in Sources */ = {isa = PBXBuildFile; fileRef = D12D4FCD2B7539B300300D59 /* ReminderCell.swift */; };
		D174CFCB2B6C1F140017DE2D /* AppDelegate.swift in Sources */ = {isa = PBXBuildFile; fileRef = D174CFCA2B6C1F140017DE2D /* AppDelegate.swift */; };
		D174CFCD2B6C1F140017DE2D /* SceneDelegate.swift in Sources */ = {isa = PBXBuildFile; fileRef = D174CFCC2B6C1F140017DE2D /* SceneDelegate.swift */; };
		D174CFCF2B6C1F140017DE2D /* RemindersVC.swift in Sources */ = {isa = PBXBuildFile; fileRef = D174CFCE2B6C1F140017DE2D /* RemindersVC.swift */; };
		D174CFD22B6C1F140017DE2D /* Main.storyboard in Resources */ = {isa = PBXBuildFile; fileRef = D174CFD02B6C1F140017DE2D /* Main.storyboard */; };
		D174CFD42B6C1F160017DE2D /* Assets.xcassets in Resources */ = {isa = PBXBuildFile; fileRef = D174CFD32B6C1F160017DE2D /* Assets.xcassets */; };
		D174CFD72B6C1F160017DE2D /* LaunchScreen.storyboard in Resources */ = {isa = PBXBuildFile; fileRef = D174CFD52B6C1F160017DE2D /* LaunchScreen.storyboard */; };
		D174CFE52B6C251C0017DE2D /* RemindersVM.swift in Sources */ = {isa = PBXBuildFile; fileRef = D174CFE42B6C251C0017DE2D /* RemindersVM.swift */; };
		D174CFE72B6C25280017DE2D /* Reminder.swift in Sources */ = {isa = PBXBuildFile; fileRef = D174CFE62B6C25280017DE2D /* Reminder.swift */; };
		D174CFE92B6CF13E0017DE2D /* DetailsVC.swift in Sources */ = {isa = PBXBuildFile; fileRef = D174CFE82B6CF13E0017DE2D /* DetailsVC.swift */; };
		D1951D352BD013AB00733DB4 /* ReminderManager.swift in Sources */ = {isa = PBXBuildFile; fileRef = D1951D342BD013AB00733DB4 /* ReminderManager.swift */; };
		D1A5A9DA2BCFF4180006C711 /* DetailsVC+UI.swift in Sources */ = {isa = PBXBuildFile; fileRef = D1A5A9D92BCFF4180006C711 /* DetailsVC+UI.swift */; };
		D1AE0EFD2BCE913D00DB619B /* String+Extensions.swift in Sources */ = {isa = PBXBuildFile; fileRef = D1AE0EFC2BCE913D00DB619B /* String+Extensions.swift */; };
		D1AE0EFF2BCE919F00DB619B /* Localizable.xcstrings in Resources */ = {isa = PBXBuildFile; fileRef = D1AE0EFE2BCE919F00DB619B /* Localizable.xcstrings */; };
/* End PBXBuildFile section */

/* Begin PBXFileReference section */
		D12D4FC92B752B8C00300D59 /* DateFormatterManager.swift */ = {isa = PBXFileReference; lastKnownFileType = sourcecode.swift; path = DateFormatterManager.swift; sourceTree = "<group>"; };
		D12D4FCD2B7539B300300D59 /* ReminderCell.swift */ = {isa = PBXFileReference; lastKnownFileType = sourcecode.swift; path = ReminderCell.swift; sourceTree = "<group>"; };
		D174CFC72B6C1F140017DE2D /* Reminder.app */ = {isa = PBXFileReference; explicitFileType = wrapper.application; includeInIndex = 0; path = Reminder.app; sourceTree = BUILT_PRODUCTS_DIR; };
		D174CFCA2B6C1F140017DE2D /* AppDelegate.swift */ = {isa = PBXFileReference; lastKnownFileType = sourcecode.swift; path = AppDelegate.swift; sourceTree = "<group>"; };
		D174CFCC2B6C1F140017DE2D /* SceneDelegate.swift */ = {isa = PBXFileReference; lastKnownFileType = sourcecode.swift; path = SceneDelegate.swift; sourceTree = "<group>"; };
		D174CFCE2B6C1F140017DE2D /* RemindersVC.swift */ = {isa = PBXFileReference; lastKnownFileType = sourcecode.swift; path = RemindersVC.swift; sourceTree = "<group>"; };
		D174CFD12B6C1F140017DE2D /* Base */ = {isa = PBXFileReference; lastKnownFileType = file.storyboard; name = Base; path = Base.lproj/Main.storyboard; sourceTree = "<group>"; };
		D174CFD32B6C1F160017DE2D /* Assets.xcassets */ = {isa = PBXFileReference; lastKnownFileType = folder.assetcatalog; path = Assets.xcassets; sourceTree = "<group>"; };
		D174CFD62B6C1F160017DE2D /* Base */ = {isa = PBXFileReference; lastKnownFileType = file.storyboard; name = Base; path = Base.lproj/LaunchScreen.storyboard; sourceTree = "<group>"; };
		D174CFD82B6C1F160017DE2D /* Info.plist */ = {isa = PBXFileReference; lastKnownFileType = text.plist.xml; path = Info.plist; sourceTree = "<group>"; };
		D174CFE42B6C251C0017DE2D /* RemindersVM.swift */ = {isa = PBXFileReference; lastKnownFileType = sourcecode.swift; path = RemindersVM.swift; sourceTree = "<group>"; };
		D174CFE62B6C25280017DE2D /* Reminder.swift */ = {isa = PBXFileReference; lastKnownFileType = sourcecode.swift; path = Reminder.swift; sourceTree = "<group>"; };
		D174CFE82B6CF13E0017DE2D /* DetailsVC.swift */ = {isa = PBXFileReference; lastKnownFileType = sourcecode.swift; path = DetailsVC.swift; sourceTree = "<group>"; };
		D1951D342BD013AB00733DB4 /* ReminderManager.swift */ = {isa = PBXFileReference; lastKnownFileType = sourcecode.swift; path = ReminderManager.swift; sourceTree = "<group>"; };
		D1A5A9D92BCFF4180006C711 /* DetailsVC+UI.swift */ = {isa = PBXFileReference; lastKnownFileType = sourcecode.swift; path = "DetailsVC+UI.swift"; sourceTree = "<group>"; };
		D1AE0EFC2BCE913D00DB619B /* String+Extensions.swift */ = {isa = PBXFileReference; lastKnownFileType = sourcecode.swift; path = "String+Extensions.swift"; sourceTree = "<group>"; };
		D1AE0EFE2BCE919F00DB619B /* Localizable.xcstrings */ = {isa = PBXFileReference; lastKnownFileType = text.json.xcstrings; path = Localizable.xcstrings; sourceTree = "<group>"; };
/* End PBXFileReference section */

/* Begin PBXFrameworksBuildPhase section */
		D174CFC42B6C1F140017DE2D /* Frameworks */ = {
			isa = PBXFrameworksBuildPhase;
			buildActionMask = 2147483647;
			files = (
			);
			runOnlyForDeploymentPostprocessing = 0;
		};
/* End PBXFrameworksBuildPhase section */

/* Begin PBXGroup section */
		D12D4FCB2B752CF800300D59 /* Managers */ = {
			isa = PBXGroup;
			children = (
				D12D4FC92B752B8C00300D59 /* DateFormatterManager.swift */,
				D1951D342BD013AB00733DB4 /* ReminderManager.swift */,
			);
			path = Managers;
			sourceTree = "<group>";
		};
		D174CFBE2B6C1F140017DE2D = {
			isa = PBXGroup;
			children = (
				D174CFC92B6C1F140017DE2D /* Reminder */,
				D174CFC82B6C1F140017DE2D /* Products */,
			);
			sourceTree = "<group>";
		};
		D174CFC82B6C1F140017DE2D /* Products */ = {
			isa = PBXGroup;
			children = (
				D174CFC72B6C1F140017DE2D /* Reminder.app */,
			);
			name = Products;
			sourceTree = "<group>";
		};
		D174CFC92B6C1F140017DE2D /* Reminder */ = {
			isa = PBXGroup;
			children = (
				D174CFDE2B6C1F4A0017DE2D /* App */,
				D1A5A9D52BCFF33D0006C711 /* Controllers */,
				D12D4FCB2B752CF800300D59 /* Managers */,
				D174CFE02B6C22C00017DE2D /* Model */,
				D1AE0EFB2BCBFA9800DB619B /* Resources */,
				D1A5A9D82BCFF3610006C711 /* Utilities */,
			);
			path = Reminder;
			sourceTree = "<group>";
		};
		D174CFDE2B6C1F4A0017DE2D /* App */ = {
			isa = PBXGroup;
			children = (
				D174CFCA2B6C1F140017DE2D /* AppDelegate.swift */,
				D174CFCC2B6C1F140017DE2D /* SceneDelegate.swift */,
			);
			path = App;
			sourceTree = "<group>";
		};
		D174CFE02B6C22C00017DE2D /* Model */ = {
			isa = PBXGroup;
			children = (
				D174CFE62B6C25280017DE2D /* Reminder.swift */,
			);
			path = Model;
			sourceTree = "<group>";
		};
		D174CFEA2B6D02B10017DE2D /* Extensions */ = {
			isa = PBXGroup;
			children = (
				D1AE0EFC2BCE913D00DB619B /* String+Extensions.swift */,
			);
			path = Extensions;
			sourceTree = "<group>";
		};
		D1A5A9D52BCFF33D0006C711 /* Controllers */ = {
			isa = PBXGroup;
			children = (
				D1A5A9D62BCFF3480006C711 /* Details */,
				D1A5A9D72BCFF34D0006C711 /* Reminders */,
			);
			path = Controllers;
			sourceTree = "<group>";
		};
		D1A5A9D62BCFF3480006C711 /* Details */ = {
			isa = PBXGroup;
			children = (
				D174CFE82B6CF13E0017DE2D /* DetailsVC.swift */,
				D1A5A9D92BCFF4180006C711 /* DetailsVC+UI.swift */,
			);
			path = Details;
			sourceTree = "<group>";
		};
		D1A5A9D72BCFF34D0006C711 /* Reminders */ = {
			isa = PBXGroup;
			children = (
				D174CFCE2B6C1F140017DE2D /* RemindersVC.swift */,
				D12D4FCD2B7539B300300D59 /* ReminderCell.swift */,
				D174CFE42B6C251C0017DE2D /* RemindersVM.swift */,
			);
			path = Reminders;
			sourceTree = "<group>";
		};
		D1A5A9D82BCFF3610006C711 /* Utilities */ = {
			isa = PBXGroup;
			children = (
				D174CFEA2B6D02B10017DE2D /* Extensions */,
			);
			path = Utilities;
			sourceTree = "<group>";
		};
		D1AE0EFB2BCBFA9800DB619B /* Resources */ = {
			isa = PBXGroup;
			children = (
				D174CFD82B6C1F160017DE2D /* Info.plist */,
				D174CFD32B6C1F160017DE2D /* Assets.xcassets */,
				D1AE0EFE2BCE919F00DB619B /* Localizable.xcstrings */,
				D174CFD52B6C1F160017DE2D /* LaunchScreen.storyboard */,
				D174CFD02B6C1F140017DE2D /* Main.storyboard */,
			);
			path = Resources;
			sourceTree = "<group>";
		};
/* End PBXGroup section */

/* Begin PBXNativeTarget section */
		D174CFC62B6C1F140017DE2D /* Reminder */ = {
			isa = PBXNativeTarget;
			buildConfigurationList = D174CFDB2B6C1F160017DE2D /* Build configuration list for PBXNativeTarget "Reminder" */;
			buildPhases = (
				D174CFC32B6C1F140017DE2D /* Sources */,
				D174CFC42B6C1F140017DE2D /* Frameworks */,
				D174CFC52B6C1F140017DE2D /* Resources */,
			);
			buildRules = (
			);
			dependencies = (
			);
			name = Reminder;
			productName = Reminder;
			productReference = D174CFC72B6C1F140017DE2D /* Reminder.app */;
			productType = "com.apple.product-type.application";
		};
/* End PBXNativeTarget section */

/* Begin PBXProject section */
		D174CFBF2B6C1F140017DE2D /* Project object */ = {
			isa = PBXProject;
			attributes = {
				BuildIndependentTargetsInParallel = 1;
				LastSwiftUpdateCheck = 1510;
				LastUpgradeCheck = 1510;
				TargetAttributes = {
					D174CFC62B6C1F140017DE2D = {
						CreatedOnToolsVersion = 15.1;
					};
				};
			};
			buildConfigurationList = D174CFC22B6C1F140017DE2D /* Build configuration list for PBXProject "Reminder" */;
			compatibilityVersion = "Xcode 14.0";
			developmentRegion = en;
			hasScannedForEncodings = 0;
			knownRegions = (
				en,
				Base,
				tr,
			);
			mainGroup = D174CFBE2B6C1F140017DE2D;
			productRefGroup = D174CFC82B6C1F140017DE2D /* Products */;
			projectDirPath = "";
			projectRoot = "";
			targets = (
				D174CFC62B6C1F140017DE2D /* Reminder */,
			);
		};
/* End PBXProject section */

/* Begin PBXResourcesBuildPhase section */
		D174CFC52B6C1F140017DE2D /* Resources */ = {
			isa = PBXResourcesBuildPhase;
			buildActionMask = 2147483647;
			files = (
				D174CFD72B6C1F160017DE2D /* LaunchScreen.storyboard in Resources */,
				D174CFD42B6C1F160017DE2D /* Assets.xcassets in Resources */,
				D1AE0EFF2BCE919F00DB619B /* Localizable.xcstrings in Resources */,
				D174CFD22B6C1F140017DE2D /* Main.storyboard in Resources */,
			);
			runOnlyForDeploymentPostprocessing = 0;
		};
/* End PBXResourcesBuildPhase section */

/* Begin PBXSourcesBuildPhase section */
		D174CFC32B6C1F140017DE2D /* Sources */ = {
			isa = PBXSourcesBuildPhase;
			buildActionMask = 2147483647;
			files = (
				D174CFE52B6C251C0017DE2D /* RemindersVM.swift in Sources */,
				D174CFCF2B6C1F140017DE2D /* RemindersVC.swift in Sources */,
				D174CFCB2B6C1F140017DE2D /* AppDelegate.swift in Sources */,
				D12D4FCE2B7539B300300D59 /* ReminderCell.swift in Sources */,
				D1AE0EFD2BCE913D00DB619B /* String+Extensions.swift in Sources */,
				D174CFCD2B6C1F140017DE2D /* SceneDelegate.swift in Sources */,
				D174CFE72B6C25280017DE2D /* Reminder.swift in Sources */,
				D1A5A9DA2BCFF4180006C711 /* DetailsVC+UI.swift in Sources */,
				D174CFE92B6CF13E0017DE2D /* DetailsVC.swift in Sources */,
				D1951D352BD013AB00733DB4 /* ReminderManager.swift in Sources */,
				D12D4FCA2B752B8C00300D59 /* DateFormatterManager.swift in Sources */,
			);
			runOnlyForDeploymentPostprocessing = 0;
		};
/* End PBXSourcesBuildPhase section */

/* Begin PBXVariantGroup section */
		D174CFD02B6C1F140017DE2D /* Main.storyboard */ = {
			isa = PBXVariantGroup;
			children = (
				D174CFD12B6C1F140017DE2D /* Base */,
			);
			name = Main.storyboard;
			sourceTree = "<group>";
		};
		D174CFD52B6C1F160017DE2D /* LaunchScreen.storyboard */ = {
			isa = PBXVariantGroup;
			children = (
				D174CFD62B6C1F160017DE2D /* Base */,
			);
			name = LaunchScreen.storyboard;
			sourceTree = "<group>";
		};
/* End PBXVariantGroup section */

/* Begin XCBuildConfiguration section */
		D174CFD92B6C1F160017DE2D /* Debug */ = {
			isa = XCBuildConfiguration;
			buildSettings = {
				ALWAYS_SEARCH_USER_PATHS = NO;
				ASSETCATALOG_COMPILER_GENERATE_SWIFT_ASSET_SYMBOL_EXTENSIONS = YES;
				CLANG_ANALYZER_NONNULL = YES;
				CLANG_ANALYZER_NUMBER_OBJECT_CONVERSION = YES_AGGRESSIVE;
				CLANG_CXX_LANGUAGE_STANDARD = "gnu++20";
				CLANG_ENABLE_MODULES = YES;
				CLANG_ENABLE_OBJC_ARC = YES;
				CLANG_ENABLE_OBJC_WEAK = YES;
				CLANG_WARN_BLOCK_CAPTURE_AUTORELEASING = YES;
				CLANG_WARN_BOOL_CONVERSION = YES;
				CLANG_WARN_COMMA = YES;
				CLANG_WARN_CONSTANT_CONVERSION = YES;
				CLANG_WARN_DEPRECATED_OBJC_IMPLEMENTATIONS = YES;
				CLANG_WARN_DIRECT_OBJC_ISA_USAGE = YES_ERROR;
				CLANG_WARN_DOCUMENTATION_COMMENTS = YES;
				CLANG_WARN_EMPTY_BODY = YES;
				CLANG_WARN_ENUM_CONVERSION = YES;
				CLANG_WARN_INFINITE_RECURSION = YES;
				CLANG_WARN_INT_CONVERSION = YES;
				CLANG_WARN_NON_LITERAL_NULL_CONVERSION = YES;
				CLANG_WARN_OBJC_IMPLICIT_RETAIN_SELF = YES;
				CLANG_WARN_OBJC_LITERAL_CONVERSION = YES;
				CLANG_WARN_OBJC_ROOT_CLASS = YES_ERROR;
				CLANG_WARN_QUOTED_INCLUDE_IN_FRAMEWORK_HEADER = YES;
				CLANG_WARN_RANGE_LOOP_ANALYSIS = YES;
				CLANG_WARN_STRICT_PROTOTYPES = YES;
				CLANG_WARN_SUSPICIOUS_MOVE = YES;
				CLANG_WARN_UNGUARDED_AVAILABILITY = YES_AGGRESSIVE;
				CLANG_WARN_UNREACHABLE_CODE = YES;
				CLANG_WARN__DUPLICATE_METHOD_MATCH = YES;
				COPY_PHASE_STRIP = NO;
				DEBUG_INFORMATION_FORMAT = dwarf;
				ENABLE_STRICT_OBJC_MSGSEND = YES;
				ENABLE_TESTABILITY = YES;
				ENABLE_USER_SCRIPT_SANDBOXING = YES;
				GCC_C_LANGUAGE_STANDARD = gnu17;
				GCC_DYNAMIC_NO_PIC = NO;
				GCC_NO_COMMON_BLOCKS = YES;
				GCC_OPTIMIZATION_LEVEL = 0;
				GCC_PREPROCESSOR_DEFINITIONS = (
					"DEBUG=1",
					"$(inherited)",
				);
				GCC_WARN_64_TO_32_BIT_CONVERSION = YES;
				GCC_WARN_ABOUT_RETURN_TYPE = YES_ERROR;
				GCC_WARN_UNDECLARED_SELECTOR = YES;
				GCC_WARN_UNINITIALIZED_AUTOS = YES_AGGRESSIVE;
				GCC_WARN_UNUSED_FUNCTION = YES;
				GCC_WARN_UNUSED_VARIABLE = YES;
				IPHONEOS_DEPLOYMENT_TARGET = 15.6;
				LOCALIZATION_PREFERS_STRING_CATALOGS = YES;
				MTL_ENABLE_DEBUG_INFO = INCLUDE_SOURCE;
				MTL_FAST_MATH = YES;
				ONLY_ACTIVE_ARCH = YES;
				SDKROOT = iphoneos;
				SWIFT_ACTIVE_COMPILATION_CONDITIONS = "DEBUG $(inherited)";
				SWIFT_OPTIMIZATION_LEVEL = "-Onone";
			};
			name = Debug;
		};
		D174CFDA2B6C1F160017DE2D /* Release */ = {
			isa = XCBuildConfiguration;
			buildSettings = {
				ALWAYS_SEARCH_USER_PATHS = NO;
				ASSETCATALOG_COMPILER_GENERATE_SWIFT_ASSET_SYMBOL_EXTENSIONS = YES;
				CLANG_ANALYZER_NONNULL = YES;
				CLANG_ANALYZER_NUMBER_OBJECT_CONVERSION = YES_AGGRESSIVE;
				CLANG_CXX_LANGUAGE_STANDARD = "gnu++20";
				CLANG_ENABLE_MODULES = YES;
				CLANG_ENABLE_OBJC_ARC = YES;
				CLANG_ENABLE_OBJC_WEAK = YES;
				CLANG_WARN_BLOCK_CAPTURE_AUTORELEASING = YES;
				CLANG_WARN_BOOL_CONVERSION = YES;
				CLANG_WARN_COMMA = YES;
				CLANG_WARN_CONSTANT_CONVERSION = YES;
				CLANG_WARN_DEPRECATED_OBJC_IMPLEMENTATIONS = YES;
				CLANG_WARN_DIRECT_OBJC_ISA_USAGE = YES_ERROR;
				CLANG_WARN_DOCUMENTATION_COMMENTS = YES;
				CLANG_WARN_EMPTY_BODY = YES;
				CLANG_WARN_ENUM_CONVERSION = YES;
				CLANG_WARN_INFINITE_RECURSION = YES;
				CLANG_WARN_INT_CONVERSION = YES;
				CLANG_WARN_NON_LITERAL_NULL_CONVERSION = YES;
				CLANG_WARN_OBJC_IMPLICIT_RETAIN_SELF = YES;
				CLANG_WARN_OBJC_LITERAL_CONVERSION = YES;
				CLANG_WARN_OBJC_ROOT_CLASS = YES_ERROR;
				CLANG_WARN_QUOTED_INCLUDE_IN_FRAMEWORK_HEADER = YES;
				CLANG_WARN_RANGE_LOOP_ANALYSIS = YES;
				CLANG_WARN_STRICT_PROTOTYPES = YES;
				CLANG_WARN_SUSPICIOUS_MOVE = YES;
				CLANG_WARN_UNGUARDED_AVAILABILITY = YES_AGGRESSIVE;
				CLANG_WARN_UNREACHABLE_CODE = YES;
				CLANG_WARN__DUPLICATE_METHOD_MATCH = YES;
				COPY_PHASE_STRIP = NO;
				DEBUG_INFORMATION_FORMAT = "dwarf-with-dsym";
				ENABLE_NS_ASSERTIONS = NO;
				ENABLE_STRICT_OBJC_MSGSEND = YES;
				ENABLE_USER_SCRIPT_SANDBOXING = YES;
				GCC_C_LANGUAGE_STANDARD = gnu17;
				GCC_NO_COMMON_BLOCKS = YES;
				GCC_WARN_64_TO_32_BIT_CONVERSION = YES;
				GCC_WARN_ABOUT_RETURN_TYPE = YES_ERROR;
				GCC_WARN_UNDECLARED_SELECTOR = YES;
				GCC_WARN_UNINITIALIZED_AUTOS = YES_AGGRESSIVE;
				GCC_WARN_UNUSED_FUNCTION = YES;
				GCC_WARN_UNUSED_VARIABLE = YES;
				IPHONEOS_DEPLOYMENT_TARGET = 15.6;
				LOCALIZATION_PREFERS_STRING_CATALOGS = YES;
				MTL_ENABLE_DEBUG_INFO = NO;
				MTL_FAST_MATH = YES;
				SDKROOT = iphoneos;
				SWIFT_COMPILATION_MODE = wholemodule;
				VALIDATE_PRODUCT = YES;
			};
			name = Release;
		};
		D174CFDC2B6C1F160017DE2D /* Debug */ = {
			isa = XCBuildConfiguration;
			buildSettings = {
				ASSETCATALOG_COMPILER_APPICON_NAME = AppIcon;
				ASSETCATALOG_COMPILER_GLOBAL_ACCENT_COLOR_NAME = AccentColor;
				CODE_SIGN_STYLE = Automatic;
				CURRENT_PROJECT_VERSION = 1;
				DEVELOPMENT_TEAM = 8NLR5UAY6K;
				GENERATE_INFOPLIST_FILE = YES;
				INFOPLIST_FILE = Reminder/Resources/Info.plist;
				INFOPLIST_KEY_CFBundleDisplayName = "Anımsatıcı";
				INFOPLIST_KEY_UIApplicationSupportsIndirectInputEvents = YES;
				INFOPLIST_KEY_UILaunchStoryboardName = LaunchScreen;
				INFOPLIST_KEY_UIMainStoryboardFile = Main;
				INFOPLIST_KEY_UISupportedInterfaceOrientations = UIInterfaceOrientationPortrait;
				INFOPLIST_KEY_UISupportedInterfaceOrientations_iPad = "UIInterfaceOrientationLandscapeLeft UIInterfaceOrientationLandscapeRight UIInterfaceOrientationPortrait UIInterfaceOrientationPortraitUpsideDown";
				IPHONEOS_DEPLOYMENT_TARGET = 15.8.2;
				LD_RUNPATH_SEARCH_PATHS = (
					"$(inherited)",
					"@executable_path/Frameworks",
				);
				MARKETING_VERSION = 1.0;
				PRODUCT_BUNDLE_IDENTIFIER = com.turkerkizilcik.Reminder;
				PRODUCT_NAME = "$(TARGET_NAME)";
				SUPPORTED_PLATFORMS = "iphoneos iphonesimulator";
				SUPPORTS_MACCATALYST = NO;
				SUPPORTS_MAC_DESIGNED_FOR_IPHONE_IPAD = NO;
				SWIFT_EMIT_LOC_STRINGS = YES;
				SWIFT_VERSION = 5.0;
				TARGETED_DEVICE_FAMILY = 1;
			};
			name = Debug;
		};
		D174CFDD2B6C1F160017DE2D /* Release */ = {
			isa = XCBuildConfiguration;
			buildSettings = {
				ASSETCATALOG_COMPILER_APPICON_NAME = AppIcon;
				ASSETCATALOG_COMPILER_GLOBAL_ACCENT_COLOR_NAME = AccentColor;
				CODE_SIGN_STYLE = Automatic;
				CURRENT_PROJECT_VERSION = 1;
				DEVELOPMENT_TEAM = 8NLR5UAY6K;
				GENERATE_INFOPLIST_FILE = YES;
				INFOPLIST_FILE = Reminder/Resources/Info.plist;
				INFOPLIST_KEY_CFBundleDisplayName = "Anımsatıcı";
				INFOPLIST_KEY_UIApplicationSupportsIndirectInputEvents = YES;
				INFOPLIST_KEY_UILaunchStoryboardName = LaunchScreen;
				INFOPLIST_KEY_UIMainStoryboardFile = Main;
				INFOPLIST_KEY_UISupportedInterfaceOrientations = UIInterfaceOrientationPortrait;
				INFOPLIST_KEY_UISupportedInterfaceOrientations_iPad = "UIInterfaceOrientationLandscapeLeft UIInterfaceOrientationLandscapeRight UIInterfaceOrientationPortrait UIInterfaceOrientationPortraitUpsideDown";
				IPHONEOS_DEPLOYMENT_TARGET = 15.8.2;
				LD_RUNPATH_SEARCH_PATHS = (
					"$(inherited)",
					"@executable_path/Frameworks",
				);
				MARKETING_VERSION = 1.0;
				PRODUCT_BUNDLE_IDENTIFIER = com.turkerkizilcik.Reminder;
				PRODUCT_NAME = "$(TARGET_NAME)";
				SUPPORTED_PLATFORMS = "iphoneos iphonesimulator";
				SUPPORTS_MACCATALYST = NO;
				SUPPORTS_MAC_DESIGNED_FOR_IPHONE_IPAD = NO;
				SWIFT_EMIT_LOC_STRINGS = YES;
				SWIFT_VERSION = 5.0;
				TARGETED_DEVICE_FAMILY = 1;
			};
			name = Release;
		};
/* End XCBuildConfiguration section */

/* Begin XCConfigurationList section */
		D174CFC22B6C1F140017DE2D /* Build configuration list for PBXProject "Reminder" */ = {
			isa = XCConfigurationList;
			buildConfigurations = (
				D174CFD92B6C1F160017DE2D /* Debug */,
				D174CFDA2B6C1F160017DE2D /* Release */,
			);
			defaultConfigurationIsVisible = 0;
			defaultConfigurationName = Release;
		};
		D174CFDB2B6C1F160017DE2D /* Build configuration list for PBXNativeTarget "Reminder" */ = {
			isa = XCConfigurationList;
			buildConfigurations = (
				D174CFDC2B6C1F160017DE2D /* Debug */,
				D174CFDD2B6C1F160017DE2D /* Release */,
			);
			defaultConfigurationIsVisible = 0;
			defaultConfigurationName = Release;
		};
/* End XCConfigurationList section */
	};
	rootObject = D174CFBF2B6C1F140017DE2D /* Project object */;
}
